
Microsoft Visual Studio Solution File, Format Version 12.00
# Visual Studio Version 16
VisualStudioVersion = 16.0.29020.237
MinimumVisualStudioVersion = 10.0.40219.1
Project("{FAE04EC0-301F-11D3-BF4B-00C04F79EFBC}") = "Management_Application", "Management_Application\Management_Application.csproj", "{1902B97E-6EF1-4DB8-866B-216065A620AF}"
EndProject
Global
	GlobalSection(SolutionConfigurationPlatforms) = preSolution
		Debug|Any CPU = Debug|Any CPU
		Release|Any CPU = Release|Any CPU
	EndGlobalSection
	GlobalSection(ProjectConfigurationPlatforms) = postSolution
		{1902B97E-6EF1-4DB8-866B-216065A620AF}.Debug|Any CPU.ActiveCfg = Debug|Any CPU
		{1902B97E-6EF1-4DB8-866B-216065A620AF}.Debug|Any CPU.Build.0 = Debug|Any CPU
		{1902B97E-6EF1-4DB8-866B-216065A620AF}.Release|Any CPU.ActiveCfg = Release|Any CPU
		{1902B97E-6EF1-4DB8-866B-216065A620AF}.Release|Any CPU.Build.0 = Release|Any CPU
	EndGlobalSection
	GlobalSection(SolutionProperties) = preSolution
		HideSolutionNode = FALSE
	EndGlobalSection
	GlobalSection(ExtensibilityGlobals) = postSolution
		SolutionGuid = {26D1B7E2-05F7-4FBC-B0FF-3813C62D77C9}
	EndGlobalSection
EndGlobal
